
Microsoft Visual Studio Solution File, Format Version 12.00
# Visual Studio 15
VisualStudioVersion = 15.0.28307.421
MinimumVisualStudioVersion = 10.0.40219.1
Project("{FAE04EC0-301F-11D3-BF4B-00C04F79EFBC}") = "Product", "Product\Product.csproj", "{5BCEFA53-231A-4852-A606-4170AA1564D4}"
EndProject
Global
	GlobalSection(SolutionConfigurationPlatforms) = preSolution
		Debug|Any CPU = Debug|Any CPU
		Release|Any CPU = Release|Any CPU
	EndGlobalSection
	GlobalSection(ProjectConfigurationPlatforms) = postSolution
		{5BCEFA53-231A-4852-A606-4170AA1564D4}.Debug|Any CPU.ActiveCfg = Debug|Any CPU
		{5BCEFA53-231A-4852-A606-4170AA1564D4}.Debug|Any CPU.Build.0 = Debug|Any CPU
		{5BCEFA53-231A-4852-A606-4170AA1564D4}.Release|Any CPU.ActiveCfg = Release|Any CPU
		{5BCEFA53-231A-4852-A606-4170AA1564D4}.Release|Any CPU.Build.0 = Release|Any CPU
	EndGlobalSection
	GlobalSection(SolutionProperties) = preSolution
		HideSolutionNode = FALSE
	EndGlobalSection
	GlobalSection(ExtensibilityGlobals) = postSolution
		SolutionGuid = {8BBD9D97-7ACC-466C-B303-D291923EC8CB}
	EndGlobalSection
EndGlobal
